
Microsoft Visual Studio Solution File, Format Version 12.00
# Visual Studio 14
VisualStudioVersion = 14.0.25420.1
MinimumVisualStudioVersion = 10.0.40219.1
Project("{FAE04EC0-301F-11D3-BF4B-00C04F79EFBC}") = "SimpleTimer.Android", "SimpleTimer\SimpleTimer.Android\SimpleTimer.Android.csproj", "{7F4E4BBE-AC5A-430F-871B-C446D09745F6}"
EndProject
Project("{FAE04EC0-301F-11D3-BF4B-00C04F79EFBC}") = "SimpleTimer", "SimpleTimer\SimpleTimer\SimpleTimer.csproj", "{A34089CD-10C5-44A4-8983-6563B9CAE27A}"
EndProject
Project("{FAE04EC0-301F-11D3-BF4B-00C04F79EFBC}") = "SimpleTimer.iOS", "SimpleTimer\SimpleTimer.iOS\SimpleTimer.iOS.csproj", "{E47DF780-08A7-4E62-8719-7FF0EA25D434}"
EndProject
Global
	GlobalSection(SolutionConfigurationPlatforms) = preSolution
		Ad-Hoc|Any CPU = Ad-Hoc|Any CPU
		Ad-Hoc|iPhone = Ad-Hoc|iPhone
		Ad-Hoc|iPhoneSimulator = Ad-Hoc|iPhoneSimulator
		AppStore|Any CPU = AppStore|Any CPU
		AppStore|iPhone = AppStore|iPhone
		AppStore|iPhoneSimulator = AppStore|iPhoneSimulator
		Debug|Any CPU = Debug|Any CPU
		Debug|iPhone = Debug|iPhone
		Debug|iPhoneSimulator = Debug|iPhoneSimulator
		Release|Any CPU = Release|Any CPU
		Release|iPhone = Release|iPhone
		Release|iPhoneSimulator = Release|iPhoneSimulator
	EndGlobalSection
	GlobalSection(ProjectConfigurationPlatforms) = postSolution
		{7F4E4BBE-AC5A-430F-871B-C446D09745F6}.Ad-Hoc|Any CPU.ActiveCfg = Release|Any CPU
		{7F4E4BBE-AC5A-430F-871B-C446D09745F6}.Ad-Hoc|Any CPU.Build.0 = Release|Any CPU
		{7F4E4BBE-AC5A-430F-871B-C446D09745F6}.Ad-Hoc|Any CPU.Deploy.0 = Release|Any CPU
		{7F4E4BBE-AC5A-430F-871B-C446D09745F6}.Ad-Hoc|iPhone.ActiveCfg = Release|Any CPU
		{7F4E4BBE-AC5A-430F-871B-C446D09745F6}.Ad-Hoc|iPhone.Build.0 = Release|Any CPU
		{7F4E4BBE-AC5A-430F-871B-C446D09745F6}.Ad-Hoc|iPhone.Deploy.0 = Release|Any CPU
		{7F4E4BBE-AC5A-430F-871B-C446D09745F6}.Ad-Hoc|iPhoneSimulator.ActiveCfg = Release|Any CPU
		{7F4E4BBE-AC5A-430F-871B-C446D09745F6}.Ad-Hoc|iPhoneSimulator.Build.0 = Release|Any CPU
		{7F4E4BBE-AC5A-430F-871B-C446D09745F6}.Ad-Hoc|iPhoneSimulator.Deploy.0 = Release|Any CPU
		{7F4E4BBE-AC5A-430F-871B-C446D09745F6}.AppStore|Any CPU.ActiveCfg = Release|Any CPU
		{7F4E4BBE-AC5A-430F-871B-C446D09745F6}.AppStore|Any CPU.Build.0 = Release|Any CPU
		{7F4E4BBE-AC5A-430F-871B-C446D09745F6}.AppStore|Any CPU.Deploy.0 = Release|Any CPU
		{7F4E4BBE-AC5A-430F-871B-C446D09745F6}.AppStore|iPhone.ActiveCfg = Release|Any CPU
		{7F4E4BBE-AC5A-430F-871B-C446D09745F6}.AppStore|iPhone.Build.0 = Release|Any CPU
		{7F4E4BBE-AC5A-430F-871B-C446D09745F6}.AppStore|iPhone.Deploy.0 = Release|Any CPU
		{7F4E4BBE-AC5A-430F-871B-C446D09745F6}.AppStore|iPhoneSimulator.ActiveCfg = Release|Any CPU
		{7F4E4BBE-AC5A-430F-871B-C446D09745F6}.AppStore|iPhoneSimulator.Build.0 = Release|Any CPU
		{7F4E4BBE-AC5A-430F-871B-C446D09745F6}.AppStore|iPhoneSimulator.Deploy.0 = Release|Any CPU
		{7F4E4BBE-AC5A-430F-871B-C446D09745F6}.Debug|Any CPU.ActiveCfg = Debug|Any CPU
		{7F4E4BBE-AC5A-430F-871B-C446D09745F6}.Debug|Any CPU.Build.0 = Debug|Any CPU
		{7F4E4BBE-AC5A-430F-871B-C446D09745F6}.Debug|Any CPU.Deploy.0 = Debug|Any CPU
		{7F4E4BBE-AC5A-430F-871B-C446D09745F6}.Debug|iPhone.ActiveCfg = Debug|Any CPU
		{7F4E4BBE-AC5A-430F-871B-C446D09745F6}.Debug|iPhone.Build.0 = Debug|Any CPU
		{7F4E4BBE-AC5A-430F-871B-C446D09745F6}.Debug|iPhone.Deploy.0 = Debug|Any CPU
		{7F4E4BBE-AC5A-430F-871B-C446D09745F6}.Debug|iPhoneSimulator.ActiveCfg = Debug|Any CPU
		{7F4E4BBE-AC5A-430F-871B-C446D09745F6}.Debug|iPhoneSimulator.Build.0 = Debug|Any CPU
		{7F4E4BBE-AC5A-430F-871B-C446D09745F6}.Debug|iPhoneSimulator.Deploy.0 = Debug|Any CPU
		{7F4E4BBE-AC5A-430F-871B-C446D09745F6}.Release|Any CPU.ActiveCfg = Release|Any CPU
		{7F4E4BBE-AC5A-430F-871B-C446D09745F6}.Release|Any CPU.Build.0 = Release|Any CPU
		{7F4E4BBE-AC5A-430F-871B-C446D09745F6}.Release|Any CPU.Deploy.0 = Release|Any CPU
		{7F4E4BBE-AC5A-430F-871B-C446D09745F6}.Release|iPhone.ActiveCfg = Release|Any CPU
		{7F4E4BBE-AC5A-430F-871B-C446D09745F6}.Release|iPhone.Build.0 = Release|Any CPU
		{7F4E4BBE-AC5A-430F-871B-C446D09745F6}.Release|iPhone.Deploy.0 = Release|Any CPU
		{7F4E4BBE-AC5A-430F-871B-C446D09745F6}.Release|iPhoneSimulator.ActiveCfg = Release|Any CPU
		{7F4E4BBE-AC5A-430F-871B-C446D09745F6}.Release|iPhoneSimulator.Build.0 = Release|Any CPU
		{7F4E4BBE-AC5A-430F-871B-C446D09745F6}.Release|iPhoneSimulator.Deploy.0 = Release|Any CPU
		{A34089CD-10C5-44A4-8983-6563B9CAE27A}.Ad-Hoc|Any CPU.ActiveCfg = Release|Any CPU
		{A34089CD-10C5-44A4-8983-6563B9CAE27A}.Ad-Hoc|Any CPU.Build.0 = Release|Any CPU
		{A34089CD-10C5-44A4-8983-6563B9CAE27A}.Ad-Hoc|Any CPU.Deploy.0 = Release|Any CPU
		{A34089CD-10C5-44A4-8983-6563B9CAE27A}.Ad-Hoc|iPhone.ActiveCfg = Release|Any CPU
		{A34089CD-10C5-44A4-8983-6563B9CAE27A}.Ad-Hoc|iPhone.Build.0 = Release|Any CPU
		{A34089CD-10C5-44A4-8983-6563B9CAE27A}.Ad-Hoc|iPhone.Deploy.0 = Release|Any CPU
		{A34089CD-10C5-44A4-8983-6563B9CAE27A}.Ad-Hoc|iPhoneSimulator.ActiveCfg = Release|Any CPU
		{A34089CD-10C5-44A4-8983-6563B9CAE27A}.Ad-Hoc|iPhoneSimulator.Build.0 = Release|Any CPU
		{A34089CD-10C5-44A4-8983-6563B9CAE27A}.Ad-Hoc|iPhoneSimulator.Deploy.0 = Release|Any CPU
		{A34089CD-10C5-44A4-8983-6563B9CAE27A}.AppStore|Any CPU.ActiveCfg = Release|Any CPU
		{A34089CD-10C5-44A4-8983-6563B9CAE27A}.AppStore|Any CPU.Build.0 = Release|Any CPU
		{A34089CD-10C5-44A4-8983-6563B9CAE27A}.AppStore|Any CPU.Deploy.0 = Release|Any CPU
		{A34089CD-10C5-44A4-8983-6563B9CAE27A}.AppStore|iPhone.ActiveCfg = Release|Any CPU
		{A34089CD-10C5-44A4-8983-6563B9CAE27A}.AppStore|iPhone.Build.0 = Release|Any CPU
		{A34089CD-10C5-44A4-8983-6563B9CAE27A}.AppStore|iPhone.Deploy.0 = Release|Any CPU
		{A34089CD-10C5-44A4-8983-6563B9CAE27A}.AppStore|iPhoneSimulator.ActiveCfg = Release|Any CPU
		{A34089CD-10C5-44A4-8983-6563B9CAE27A}.AppStore|iPhoneSimulator.Build.0 = Release|Any CPU
		{A34089CD-10C5-44A4-8983-6563B9CAE27A}.AppStore|iPhoneSimulator.Deploy.0 = Release|Any CPU
		{A34089CD-10C5-44A4-8983-6563B9CAE27A}.Debug|Any CPU.ActiveCfg = Debug|Any CPU
		{A34089CD-10C5-44A4-8983-6563B9CAE27A}.Debug|Any CPU.Build.0 = Debug|Any CPU
		{A34089CD-10C5-44A4-8983-6563B9CAE27A}.Debug|Any CPU.Deploy.0 = Debug|Any CPU
		{A34089CD-10C5-44A4-8983-6563B9CAE27A}.Debug|iPhone.ActiveCfg = Debug|Any CPU
		{A34089CD-10C5-44A4-8983-6563B9CAE27A}.Debug|iPhone.Build.0 = Debug|Any CPU
		{A34089CD-10C5-44A4-8983-6563B9CAE27A}.Debug|iPhone.Deploy.0 = Debug|Any CPU
		{A34089CD-10C5-44A4-8983-6563B9CAE27A}.Debug|iPhoneSimulator.ActiveCfg = Debug|Any CPU
		{A34089CD-10C5-44A4-8983-6563B9CAE27A}.Debug|iPhoneSimulator.Build.0 = Debug|Any CPU
		{A34089CD-10C5-44A4-8983-6563B9CAE27A}.Debug|iPhoneSimulator.Deploy.0 = Debug|Any CPU
		{A34089CD-10C5-44A4-8983-6563B9CAE27A}.Release|Any CPU.ActiveCfg = Release|Any CPU
		{A34089CD-10C5-44A4-8983-6563B9CAE27A}.Release|Any CPU.Build.0 = Release|Any CPU
		{A34089CD-10C5-44A4-8983-6563B9CAE27A}.Release|Any CPU.Deploy.0 = Release|Any CPU
		{A34089CD-10C5-44A4-8983-6563B9CAE27A}.Release|iPhone.ActiveCfg = Release|Any CPU
		{A34089CD-10C5-44A4-8983-6563B9CAE27A}.Release|iPhone.Build.0 = Release|Any CPU
		{A34089CD-10C5-44A4-8983-6563B9CAE27A}.Release|iPhone.Deploy.0 = Release|Any CPU
		{A34089CD-10C5-44A4-8983-6563B9CAE27A}.Release|iPhoneSimulator.ActiveCfg = Release|Any CPU
		{A34089CD-10C5-44A4-8983-6563B9CAE27A}.Release|iPhoneSimulator.Build.0 = Release|Any CPU
		{A34089CD-10C5-44A4-8983-6563B9CAE27A}.Release|iPhoneSimulator.Deploy.0 = Release|Any CPU
		{E47DF780-08A7-4E62-8719-7FF0EA25D434}.Ad-Hoc|Any CPU.ActiveCfg = Ad-Hoc|iPhone
		{E47DF780-08A7-4E62-8719-7FF0EA25D434}.Ad-Hoc|Any CPU.Build.0 = Ad-Hoc|iPhone
		{E47DF780-08A7-4E62-8719-7FF0EA25D434}.Ad-Hoc|Any CPU.Deploy.0 = Ad-Hoc|iPhone
		{E47DF780-08A7-4E62-8719-7FF0EA25D434}.Ad-Hoc|iPhone.ActiveCfg = Ad-Hoc|iPhone
		{E47DF780-08A7-4E62-8719-7FF0EA25D434}.Ad-Hoc|iPhone.Build.0 = Ad-Hoc|iPhone
		{E47DF780-08A7-4E62-8719-7FF0EA25D434}.Ad-Hoc|iPhone.Deploy.0 = Ad-Hoc|iPhone
		{E47DF780-08A7-4E62-8719-7FF0EA25D434}.Ad-Hoc|iPhoneSimulator.ActiveCfg = Ad-Hoc|iPhoneSimulator
		{E47DF780-08A7-4E62-8719-7FF0EA25D434}.Ad-Hoc|iPhoneSimulator.Build.0 = Ad-Hoc|iPhoneSimulator
		{E47DF780-08A7-4E62-8719-7FF0EA25D434}.Ad-Hoc|iPhoneSimulator.Deploy.0 = Ad-Hoc|iPhoneSimulator
		{E47DF780-08A7-4E62-8719-7FF0EA25D434}.AppStore|Any CPU.ActiveCfg = AppStore|iPhone
		{E47DF780-08A7-4E62-8719-7FF0EA25D434}.AppStore|Any CPU.Build.0 = AppStore|iPhone
		{E47DF780-08A7-4E62-8719-7FF0EA25D434}.AppStore|Any CPU.Deploy.0 = AppStore|iPhone
		{E47DF780-08A7-4E62-8719-7FF0EA25D434}.AppStore|iPhone.ActiveCfg = AppStore|iPhone
		{E47DF780-08A7-4E62-8719-7FF0EA25D434}.AppStore|iPhone.Build.0 = AppStore|iPhone
		{E47DF780-08A7-4E62-8719-7FF0EA25D434}.AppStore|iPhone.Deploy.0 = AppStore|iPhone
		{E47DF780-08A7-4E62-8719-7FF0EA25D434}.AppStore|iPhoneSimulator.ActiveCfg = AppStore|iPhoneSimulator
		{E47DF780-08A7-4E62-8719-7FF0EA25D434}.AppStore|iPhoneSimulator.Build.0 = AppStore|iPhoneSimulator
		{E47DF780-08A7-4E62-8719-7FF0EA25D434}.AppStore|iPhoneSimulator.Deploy.0 = AppStore|iPhoneSimulator
		{E47DF780-08A7-4E62-8719-7FF0EA25D434}.Debug|Any CPU.ActiveCfg = Debug|iPhoneSimulator
		{E47DF780-08A7-4E62-8719-7FF0EA25D434}.Debug|Any CPU.Build.0 = Debug|iPhoneSimulator
		{E47DF780-08A7-4E62-8719-7FF0EA25D434}.Debug|Any CPU.Deploy.0 = Debug|iPhoneSimulator
		{E47DF780-08A7-4E62-8719-7FF0EA25D434}.Debug|iPhone.ActiveCfg = Debug|iPhone
		{E47DF780-08A7-4E62-8719-7FF0EA25D434}.Debug|iPhone.Build.0 = Debug|iPhone
		{E47DF780-08A7-4E62-8719-7FF0EA25D434}.Debug|iPhone.Deploy.0 = Debug|iPhone
		{E47DF780-08A7-4E62-8719-7FF0EA25D434}.Debug|iPhoneSimulator.ActiveCfg = Debug|iPhoneSimulator
		{E47DF780-08A7-4E62-8719-7FF0EA25D434}.Debug|iPhoneSimulator.Build.0 = Debug|iPhoneSimulator
		{E47DF780-08A7-4E62-8719-7FF0EA25D434}.Debug|iPhoneSimulator.Deploy.0 = Debug|iPhoneSimulator
		{E47DF780-08A7-4E62-8719-7FF0EA25D434}.Release|Any CPU.ActiveCfg = Release|iPhone
		{E47DF780-08A7-4E62-8719-7FF0EA25D434}.Release|Any CPU.Build.0 = Release|iPhone
		{E47DF780-08A7-4E62-8719-7FF0EA25D434}.Release|Any CPU.Deploy.0 = Release|iPhone
		{E47DF780-08A7-4E62-8719-7FF0EA25D434}.Release|iPhone.ActiveCfg = Release|iPhone
		{E47DF780-08A7-4E62-8719-7FF0EA25D434}.Release|iPhone.Build.0 = Release|iPhone
		{E47DF780-08A7-4E62-8719-7FF0EA25D434}.Release|iPhone.Deploy.0 = Release|iPhone
		{E47DF780-08A7-4E62-8719-7FF0EA25D434}.Release|iPhoneSimulator.ActiveCfg = Release|iPhoneSimulator
		{E47DF780-08A7-4E62-8719-7FF0EA25D434}.Release|iPhoneSimulator.Build.0 = Release|iPhoneSimulator
		{E47DF780-08A7-4E62-8719-7FF0EA25D434}.Release|iPhoneSimulator.Deploy.0 = Release|iPhoneSimulator
	EndGlobalSection
	GlobalSection(SolutionProperties) = preSolution
		HideSolutionNode = FALSE
	EndGlobalSection
EndGlobal
